# generated by rye
# use `rye lock` or `rye sync` to update this lockfile
#
# last locked with the following flags:
#   pre: false
#   features: []
#   all-features: false
#   with-sources: false

-e file:.
astroid==3.1.0
    # via pylint
asttokens==2.4.1
    # via stack-data
attrs==23.2.0
    # via xrfsplitter
bandit==1.7.8
bottleneck==1.3.8
    # via pandas
coloredlogs==15.0.1
    # via xrfsplitter
comm==0.2.2
    # via ipykernel
contourpy==1.2.1
    # via matplotlib
cycler==0.12.1
    # via matplotlib
dearpygui==1.11.1
    # via xrfsplitter
debugpy==1.8.1
    # via ipykernel
decorator==5.1.1
    # via ipython
defusedxml==0.7.1
    # via odfpy
dill==0.3.8
    # via pylint
et-xmlfile==1.1.0
    # via openpyxl
executing==2.0.1
    # via stack-data
fonttools==4.51.0
    # via matplotlib
humanfriendly==10.0
    # via coloredlogs
ipykernel==6.29.4
ipython==8.24.0
    # via ipykernel
isort==5.13.2
    # via pylint
jedi==0.19.1
    # via ipython
joblib==1.4.2
    # via scikit-learn
jupyter-client==8.6.1
    # via ipykernel
jupyter-core==5.7.2
    # via ipykernel
    # via jupyter-client
kiwisolver==1.4.5
    # via matplotlib
llvmlite==0.42.0
    # via numba
markdown-it-py==3.0.0
    # via rich
matplotlib==3.8.4
    # via xrfsplitter
matplotlib-inline==0.1.7
    # via ipykernel
    # via ipython
mccabe==0.7.0
    # via pylint
mdurl==0.1.2
    # via markdown-it-py
memory-profiler==0.61.0
nest-asyncio==1.6.0
    # via ipykernel
nuitka==2.2.1
numba==0.59.1
    # via pandas
numexpr==2.10.0
    # via pandas
numpy==1.26.4
    # via bottleneck
    # via contourpy
    # via matplotlib
    # via numba
    # via numexpr
    # via pandas
    # via pandas-stubs
    # via scikit-learn
    # via scipy
    # via xrfsplitter
odfpy==1.4.1
    # via pandas
openpyxl==3.1.2
    # via pandas
    # via xrfsplitter
ordered-set==4.1.0
    # via nuitka
packaging==24.0
    # via ipykernel
    # via matplotlib
pandas==2.2.2
    # via pandas
    # via xrfsplitter
pandas-stubs==2.2.1.240316
parso==0.8.4
    # via jedi
pbr==6.0.0
    # via stevedore
pexpect==4.9.0
    # via ipython
pillow==10.3.0
    # via matplotlib
pip-licenses==4.4.0
platformdirs==4.2.1
    # via jupyter-core
    # via pylint
prettytable==3.10.0
    # via pip-licenses
prompt-toolkit==3.0.43
    # via ipython
psutil==5.9.8
    # via ipykernel
    # via memory-profiler
ptyprocess==0.7.0
    # via pexpect
pure-eval==0.2.2
    # via stack-data
pygments==2.18.0
    # via ipython
    # via rich
pylint==3.1.0
pyparsing==3.1.2
    # via matplotlib
python-calamine==0.2.0
    # via pandas
python-dateutil==2.9.0.post0
    # via jupyter-client
    # via matplotlib
    # via pandas
pytz==2024.1
    # via pandas
pyxlsb==1.0.10
    # via pandas
pyyaml==6.0.1
    # via bandit
pyzmq==26.0.3
    # via ipykernel
    # via jupyter-client
rich==13.7.1
    # via bandit
scikit-learn==1.4.2
    # via xrfsplitter
scipy==1.13.0
    # via scikit-learn
    # via xrfsplitter
six==1.16.0
    # via asttokens
    # via python-dateutil
stack-data==0.6.3
    # via ipython
stevedore==5.2.0
    # via bandit
threadpoolctl==3.5.0
    # via scikit-learn
tomlkit==0.12.4
    # via pylint
tornado==6.4
    # via ipykernel
    # via jupyter-client
traitlets==5.14.3
    # via comm
    # via ipykernel
    # via ipython
    # via jupyter-client
    # via jupyter-core
    # via matplotlib-inline
types-pytz==2024.1.0.20240417
    # via pandas-stubs
tzdata==2024.1
    # via pandas
wcwidth==0.2.13
    # via prettytable
    # via prompt-toolkit
xlrd==2.0.1
    # via pandas
xlsxwriter==3.2.0
    # via pandas
zstandard==0.22.0
    # via nuitka
