# generated by rye
# use `rye lock` or `rye sync` to update this lockfile
#
# last locked with the following flags:
#   pre: false
#   features: []
#   all-features: false
#   with-sources: false

-e file:.
attrs==23.2.0
    # via xrfsplitter
bottleneck==1.3.8
    # via pandas
coloredlogs==15.0.1
    # via xrfsplitter
contourpy==1.2.1
    # via matplotlib
cycler==0.12.1
    # via matplotlib
dearpygui==1.11.1
    # via xrfsplitter
defusedxml==0.7.1
    # via odfpy
et-xmlfile==1.1.0
    # via openpyxl
fonttools==4.51.0
    # via matplotlib
humanfriendly==10.0
    # via coloredlogs
joblib==1.4.2
    # via scikit-learn
kiwisolver==1.4.5
    # via matplotlib
llvmlite==0.42.0
    # via numba
matplotlib==3.8.4
    # via xrfsplitter
numba==0.59.1
    # via pandas
numexpr==2.10.0
    # via pandas
numpy==1.26.4
    # via bottleneck
    # via contourpy
    # via matplotlib
    # via numba
    # via numexpr
    # via pandas
    # via scikit-learn
    # via scipy
    # via xrfsplitter
odfpy==1.4.1
    # via pandas
openpyxl==3.1.2
    # via pandas
    # via xrfsplitter
packaging==24.0
    # via matplotlib
pandas==2.2.2
    # via pandas
    # via xrfsplitter
pillow==10.3.0
    # via matplotlib
pyparsing==3.1.2
    # via matplotlib
python-calamine==0.2.0
    # via pandas
python-dateutil==2.9.0.post0
    # via matplotlib
    # via pandas
pytz==2024.1
    # via pandas
pyxlsb==1.0.10
    # via pandas
scikit-learn==1.4.2
    # via xrfsplitter
scipy==1.13.0
    # via scikit-learn
    # via xrfsplitter
six==1.16.0
    # via python-dateutil
threadpoolctl==3.5.0
    # via scikit-learn
tzdata==2024.1
    # via pandas
xlrd==2.0.1
    # via pandas
xlsxwriter==3.2.0
    # via pandas
